
Microsoft Visual Studio Solution File, Format Version 12.00
# Visual Studio Version 16
VisualStudioVersion = 16.0.31605.320
MinimumVisualStudioVersion = 10.0.40219.1
Project("{9A19103F-16F7-4668-BE54-9A1E7A4F7556}") = "AutoShop.Api", "AutoShop.Api\AutoShop.Api.csproj", "{1E1CCAC5-9C46-431B-8E57-3F4EA2478F28}"
EndProject
Project("{9A19103F-16F7-4668-BE54-9A1E7A4F7556}") = "AutoShop.Domain", "AutoShop.Domain\AutoShop.Domain.csproj", "{C2FBDE1A-2A32-4FCD-8702-EB10CD2312E6}"
EndProject
Project("{9A19103F-16F7-4668-BE54-9A1E7A4F7556}") = "AutoShop.Infra", "AutoShop.Infra\AutoShop.Infra.csproj", "{15B0B194-739D-44B1-BF3F-CBBA5340F091}"
EndProject
Project("{9A19103F-16F7-4668-BE54-9A1E7A4F7556}") = "AutoShop.Shared", "AutoShop.Shared\AutoShop.Shared.csproj", "{A6D9DD1C-E11C-43E7-8290-1AF921F7471C}"
EndProject
Project("{2150E333-8FDC-42A3-9474-1A3956D46DE8}") = "1 - Presentation", "1 - Presentation", "{F429D3AD-E3B1-49B5-BD89-78CFC6BFAD09}"
EndProject
Project("{2150E333-8FDC-42A3-9474-1A3956D46DE8}") = "3 - Domain", "3 - Domain", "{D9F47988-6C6D-4026-A571-86BA7D77E1A6}"
EndProject
Project("{2150E333-8FDC-42A3-9474-1A3956D46DE8}") = "4 - Infrastructure", "4 - Infrastructure", "{92982F79-1A20-44B1-8BCA-AAFFDDB9C1B0}"
EndProject
Project("{2150E333-8FDC-42A3-9474-1A3956D46DE8}") = "Shared", "Shared", "{9A0CE710-6D97-42BC-B266-3364F5B5D0A5}"
EndProject
Project("{2150E333-8FDC-42A3-9474-1A3956D46DE8}") = "5 - Tests", "5 - Tests", "{0CBD261E-1B97-4C8B-9B5C-5BE424820ED0}"
EndProject
Project("{9A19103F-16F7-4668-BE54-9A1E7A4F7556}") = "AutoShop.Test", "AutoShop.Test\AutoShop.Test.csproj", "{2C9E3BF3-E757-4682-86A9-97F537F67C48}"
EndProject
Project("{9A19103F-16F7-4668-BE54-9A1E7A4F7556}") = "AutoShop.Domain.Service", "AutoShop.Domain.Service\AutoShop.Domain.Service.csproj", "{C102B1BD-EE39-42F8-8557-5140CE754C2B}"
EndProject
Project("{2150E333-8FDC-42A3-9474-1A3956D46DE8}") = "2 - Application", "2 - Application", "{979B630F-4A2C-4FBD-A264-484C73BA616F}"
EndProject
Project("{9A19103F-16F7-4668-BE54-9A1E7A4F7556}") = "AutoShop.Application", "AutoShop.Application\AutoShop.Application.csproj", "{FD26099D-5B0B-4D22-99AD-13730747B90D}"
EndProject
Project("{2150E333-8FDC-42A3-9474-1A3956D46DE8}") = "CrossCutting", "CrossCutting", "{DFA3204C-84EE-4AF3-93F9-213D64E393D8}"
EndProject
Project("{9A19103F-16F7-4668-BE54-9A1E7A4F7556}") = "DDDWebAPI.Infrastruture.CrossCutting.IOC", "DDDWebAPI.Infrastruture.CrossCutting.IOC\DDDWebAPI.Infrastruture.CrossCutting.IOC.csproj", "{8F7CEE62-2F3F-4569-BBDB-C2DBF9F7E22F}"
EndProject
Project("{2150E333-8FDC-42A3-9474-1A3956D46DE8}") = "Solution Items", "Solution Items", "{FDC63B12-2CA8-4197-96E6-14C5B3504E4A}"
	ProjectSection(SolutionItems) = preProject
		global.json = global.json
	EndProjectSection
EndProject
Global
	GlobalSection(SolutionConfigurationPlatforms) = preSolution
		Debug|Any CPU = Debug|Any CPU
		Release|Any CPU = Release|Any CPU
	EndGlobalSection
	GlobalSection(ProjectConfigurationPlatforms) = postSolution
		{1E1CCAC5-9C46-431B-8E57-3F4EA2478F28}.Debug|Any CPU.ActiveCfg = Debug|Any CPU
		{1E1CCAC5-9C46-431B-8E57-3F4EA2478F28}.Debug|Any CPU.Build.0 = Debug|Any CPU
		{1E1CCAC5-9C46-431B-8E57-3F4EA2478F28}.Release|Any CPU.ActiveCfg = Release|Any CPU
		{1E1CCAC5-9C46-431B-8E57-3F4EA2478F28}.Release|Any CPU.Build.0 = Release|Any CPU
		{C2FBDE1A-2A32-4FCD-8702-EB10CD2312E6}.Debug|Any CPU.ActiveCfg = Debug|Any CPU
		{C2FBDE1A-2A32-4FCD-8702-EB10CD2312E6}.Debug|Any CPU.Build.0 = Debug|Any CPU
		{C2FBDE1A-2A32-4FCD-8702-EB10CD2312E6}.Release|Any CPU.ActiveCfg = Release|Any CPU
		{C2FBDE1A-2A32-4FCD-8702-EB10CD2312E6}.Release|Any CPU.Build.0 = Release|Any CPU
		{15B0B194-739D-44B1-BF3F-CBBA5340F091}.Debug|Any CPU.ActiveCfg = Debug|Any CPU
		{15B0B194-739D-44B1-BF3F-CBBA5340F091}.Debug|Any CPU.Build.0 = Debug|Any CPU
		{15B0B194-739D-44B1-BF3F-CBBA5340F091}.Release|Any CPU.ActiveCfg = Release|Any CPU
		{15B0B194-739D-44B1-BF3F-CBBA5340F091}.Release|Any CPU.Build.0 = Release|Any CPU
		{A6D9DD1C-E11C-43E7-8290-1AF921F7471C}.Debug|Any CPU.ActiveCfg = Debug|Any CPU
		{A6D9DD1C-E11C-43E7-8290-1AF921F7471C}.Debug|Any CPU.Build.0 = Debug|Any CPU
		{A6D9DD1C-E11C-43E7-8290-1AF921F7471C}.Release|Any CPU.ActiveCfg = Release|Any CPU
		{A6D9DD1C-E11C-43E7-8290-1AF921F7471C}.Release|Any CPU.Build.0 = Release|Any CPU
		{2C9E3BF3-E757-4682-86A9-97F537F67C48}.Debug|Any CPU.ActiveCfg = Debug|Any CPU
		{2C9E3BF3-E757-4682-86A9-97F537F67C48}.Debug|Any CPU.Build.0 = Debug|Any CPU
		{2C9E3BF3-E757-4682-86A9-97F537F67C48}.Release|Any CPU.ActiveCfg = Release|Any CPU
		{2C9E3BF3-E757-4682-86A9-97F537F67C48}.Release|Any CPU.Build.0 = Release|Any CPU
		{C102B1BD-EE39-42F8-8557-5140CE754C2B}.Debug|Any CPU.ActiveCfg = Debug|Any CPU
		{C102B1BD-EE39-42F8-8557-5140CE754C2B}.Debug|Any CPU.Build.0 = Debug|Any CPU
		{C102B1BD-EE39-42F8-8557-5140CE754C2B}.Release|Any CPU.ActiveCfg = Release|Any CPU
		{C102B1BD-EE39-42F8-8557-5140CE754C2B}.Release|Any CPU.Build.0 = Release|Any CPU
		{FD26099D-5B0B-4D22-99AD-13730747B90D}.Debug|Any CPU.ActiveCfg = Debug|Any CPU
		{FD26099D-5B0B-4D22-99AD-13730747B90D}.Debug|Any CPU.Build.0 = Debug|Any CPU
		{FD26099D-5B0B-4D22-99AD-13730747B90D}.Release|Any CPU.ActiveCfg = Release|Any CPU
		{FD26099D-5B0B-4D22-99AD-13730747B90D}.Release|Any CPU.Build.0 = Release|Any CPU
		{8F7CEE62-2F3F-4569-BBDB-C2DBF9F7E22F}.Debug|Any CPU.ActiveCfg = Debug|Any CPU
		{8F7CEE62-2F3F-4569-BBDB-C2DBF9F7E22F}.Debug|Any CPU.Build.0 = Debug|Any CPU
		{8F7CEE62-2F3F-4569-BBDB-C2DBF9F7E22F}.Release|Any CPU.ActiveCfg = Release|Any CPU
		{8F7CEE62-2F3F-4569-BBDB-C2DBF9F7E22F}.Release|Any CPU.Build.0 = Release|Any CPU
	EndGlobalSection
	GlobalSection(SolutionProperties) = preSolution
		HideSolutionNode = FALSE
	EndGlobalSection
	GlobalSection(NestedProjects) = preSolution
		{1E1CCAC5-9C46-431B-8E57-3F4EA2478F28} = {F429D3AD-E3B1-49B5-BD89-78CFC6BFAD09}
		{C2FBDE1A-2A32-4FCD-8702-EB10CD2312E6} = {D9F47988-6C6D-4026-A571-86BA7D77E1A6}
		{15B0B194-739D-44B1-BF3F-CBBA5340F091} = {92982F79-1A20-44B1-8BCA-AAFFDDB9C1B0}
		{A6D9DD1C-E11C-43E7-8290-1AF921F7471C} = {9A0CE710-6D97-42BC-B266-3364F5B5D0A5}
		{2C9E3BF3-E757-4682-86A9-97F537F67C48} = {0CBD261E-1B97-4C8B-9B5C-5BE424820ED0}
		{C102B1BD-EE39-42F8-8557-5140CE754C2B} = {D9F47988-6C6D-4026-A571-86BA7D77E1A6}
		{FD26099D-5B0B-4D22-99AD-13730747B90D} = {979B630F-4A2C-4FBD-A264-484C73BA616F}
		{8F7CEE62-2F3F-4569-BBDB-C2DBF9F7E22F} = {DFA3204C-84EE-4AF3-93F9-213D64E393D8}
	EndGlobalSection
	GlobalSection(ExtensibilityGlobals) = postSolution
		SolutionGuid = {9C79FB5D-00CC-4129-99AF-4FDDAF759844}
	EndGlobalSection
EndGlobal
